
Microsoft Visual Studio Solution File, Format Version 12.00
# Visual Studio Version 17
VisualStudioVersion = 17.4.33213.308
MinimumVisualStudioVersion = 10.0.40219.1
Project("{FAE04EC0-301F-11D3-BF4B-00C04F79EFBC}") = "EntityLayer", "EntityLayer\EntityLayer.csproj", "{452B77FA-0622-45BA-A895-44DED17903ED}"
EndProject
Project("{FAE04EC0-301F-11D3-BF4B-00C04F79EFBC}") = "DataAccessLayer", "DataAccessLayer\DataAccessLayer.csproj", "{E6EA08E1-0538-4D2F-9B9D-027F3345B82A}"
EndProject
Project("{FAE04EC0-301F-11D3-BF4B-00C04F79EFBC}") = "BusinessLayer", "BusinessLayer\BusinessLayer.csproj", "{5FA0EBFC-4BAC-4BB5-8CDE-317CC1947AA2}"
EndProject
Project("{FAE04EC0-301F-11D3-BF4B-00C04F79EFBC}") = "SkillCard", "SkillCard\SkillCard.csproj", "{48A1D8A3-6FA2-45A7-8AB9-D40B351F9A4C}"
EndProject
Global
	GlobalSection(SolutionConfigurationPlatforms) = preSolution
		Debug|Any CPU = Debug|Any CPU
		Release|Any CPU = Release|Any CPU
	EndGlobalSection
	GlobalSection(ProjectConfigurationPlatforms) = postSolution
		{452B77FA-0622-45BA-A895-44DED17903ED}.Debug|Any CPU.ActiveCfg = Debug|Any CPU
		{452B77FA-0622-45BA-A895-44DED17903ED}.Debug|Any CPU.Build.0 = Debug|Any CPU
		{452B77FA-0622-45BA-A895-44DED17903ED}.Release|Any CPU.ActiveCfg = Release|Any CPU
		{452B77FA-0622-45BA-A895-44DED17903ED}.Release|Any CPU.Build.0 = Release|Any CPU
		{E6EA08E1-0538-4D2F-9B9D-027F3345B82A}.Debug|Any CPU.ActiveCfg = Debug|Any CPU
		{E6EA08E1-0538-4D2F-9B9D-027F3345B82A}.Debug|Any CPU.Build.0 = Debug|Any CPU
		{E6EA08E1-0538-4D2F-9B9D-027F3345B82A}.Release|Any CPU.ActiveCfg = Release|Any CPU
		{E6EA08E1-0538-4D2F-9B9D-027F3345B82A}.Release|Any CPU.Build.0 = Release|Any CPU
		{5FA0EBFC-4BAC-4BB5-8CDE-317CC1947AA2}.Debug|Any CPU.ActiveCfg = Debug|Any CPU
		{5FA0EBFC-4BAC-4BB5-8CDE-317CC1947AA2}.Debug|Any CPU.Build.0 = Debug|Any CPU
		{5FA0EBFC-4BAC-4BB5-8CDE-317CC1947AA2}.Release|Any CPU.ActiveCfg = Release|Any CPU
		{5FA0EBFC-4BAC-4BB5-8CDE-317CC1947AA2}.Release|Any CPU.Build.0 = Release|Any CPU
		{48A1D8A3-6FA2-45A7-8AB9-D40B351F9A4C}.Debug|Any CPU.ActiveCfg = Debug|Any CPU
		{48A1D8A3-6FA2-45A7-8AB9-D40B351F9A4C}.Debug|Any CPU.Build.0 = Debug|Any CPU
		{48A1D8A3-6FA2-45A7-8AB9-D40B351F9A4C}.Release|Any CPU.ActiveCfg = Release|Any CPU
		{48A1D8A3-6FA2-45A7-8AB9-D40B351F9A4C}.Release|Any CPU.Build.0 = Release|Any CPU
	EndGlobalSection
	GlobalSection(SolutionProperties) = preSolution
		HideSolutionNode = FALSE
	EndGlobalSection
	GlobalSection(ExtensibilityGlobals) = postSolution
		SolutionGuid = {327EF842-558F-4B4B-9AFD-A4BE44D15D38}
	EndGlobalSection
EndGlobal
